
Microsoft Visual Studio Solution File, Format Version 12.00
# Visual Studio Version 17
VisualStudioVersion = 17.0.32014.148
MinimumVisualStudioVersion = 10.0.40219.1
Project("{FAE04EC0-301F-11D3-BF4B-00C04F79EFBC}") = "Zhu.Yuheng.RRCAGApp", "Zhu.Yuheng.RRCAGApp\Zhu.Yuheng.RRCAGApp.csproj", "{387686F0-DBFD-4AE4-BC5C-6E0849F5B199}"
EndProject
Global
	GlobalSection(SolutionConfigurationPlatforms) = preSolution
		Debug|Any CPU = Debug|Any CPU
		Release|Any CPU = Release|Any CPU
	EndGlobalSection
	GlobalSection(ProjectConfigurationPlatforms) = postSolution
		{387686F0-DBFD-4AE4-BC5C-6E0849F5B199}.Debug|Any CPU.ActiveCfg = Debug|Any CPU
		{387686F0-DBFD-4AE4-BC5C-6E0849F5B199}.Debug|Any CPU.Build.0 = Debug|Any CPU
		{387686F0-DBFD-4AE4-BC5C-6E0849F5B199}.Release|Any CPU.ActiveCfg = Release|Any CPU
		{387686F0-DBFD-4AE4-BC5C-6E0849F5B199}.Release|Any CPU.Build.0 = Release|Any CPU
	EndGlobalSection
	GlobalSection(SolutionProperties) = preSolution
		HideSolutionNode = FALSE
	EndGlobalSection
	GlobalSection(ExtensibilityGlobals) = postSolution
		SolutionGuid = {33FD7622-F375-4CFA-B6F7-96241D6388C7}
	EndGlobalSection
EndGlobal
